
Microsoft Visual Studio Solution File, Format Version 12.00
# Visual Studio Version 17
VisualStudioVersion = 17.0.31903.59
MinimumVisualStudioVersion = 10.0.40219.1
Project("{FAE04EC0-301F-11D3-BF4B-00C04F79EFBC}") = "MstNetCoreAPI", "MstNetCoreAPI\MstNetCoreAPI.csproj", "{74FCABA9-D1C8-426D-A34C-EA5397B93F6D}"
EndProject
Global
	GlobalSection(SolutionConfigurationPlatforms) = preSolution
		Debug|Any CPU = Debug|Any CPU
		Release|Any CPU = Release|Any CPU
	EndGlobalSection
	GlobalSection(ProjectConfigurationPlatforms) = postSolution
		{74FCABA9-D1C8-426D-A34C-EA5397B93F6D}.Debug|Any CPU.ActiveCfg = Debug|Any CPU
		{74FCABA9-D1C8-426D-A34C-EA5397B93F6D}.Debug|Any CPU.Build.0 = Debug|Any CPU
		{74FCABA9-D1C8-426D-A34C-EA5397B93F6D}.Release|Any CPU.ActiveCfg = Release|Any CPU
		{74FCABA9-D1C8-426D-A34C-EA5397B93F6D}.Release|Any CPU.Build.0 = Release|Any CPU
	EndGlobalSection
	GlobalSection(SolutionProperties) = preSolution
		HideSolutionNode = FALSE
	EndGlobalSection
	GlobalSection(ExtensibilityGlobals) = postSolution
		SolutionGuid = {1DFE9376-C229-4BA7-AA1E-211F2B2576DB}
	EndGlobalSection
EndGlobal
